
Microsoft Visual Studio Solution File, Format Version 12.00
# Visual Studio 15
VisualStudioVersion = 15.0.28307.902
MinimumVisualStudioVersion = 10.0.40219.1
Project("{FAE04EC0-301F-11D3-BF4B-00C04F79EFBC}") = "Web.AppService", "Web.AppService\Web.AppService.csproj", "{030D2BF9-D5BF-45FF-976E-92B9490BB724}"
EndProject
Global
	GlobalSection(SolutionConfigurationPlatforms) = preSolution
		Debug|Any CPU = Debug|Any CPU
		Release|Any CPU = Release|Any CPU
	EndGlobalSection
	GlobalSection(ProjectConfigurationPlatforms) = postSolution
		{030D2BF9-D5BF-45FF-976E-92B9490BB724}.Debug|Any CPU.ActiveCfg = Debug|Any CPU
		{030D2BF9-D5BF-45FF-976E-92B9490BB724}.Debug|Any CPU.Build.0 = Debug|Any CPU
		{030D2BF9-D5BF-45FF-976E-92B9490BB724}.Release|Any CPU.ActiveCfg = Release|Any CPU
		{030D2BF9-D5BF-45FF-976E-92B9490BB724}.Release|Any CPU.Build.0 = Release|Any CPU
	EndGlobalSection
	GlobalSection(SolutionProperties) = preSolution
		HideSolutionNode = FALSE
	EndGlobalSection
	GlobalSection(ExtensibilityGlobals) = postSolution
		SolutionGuid = {113C3E07-3AA4-468E-BED7-E1F6C3D0C296}
	EndGlobalSection
EndGlobal
